
Microsoft Visual Studio Solution File, Format Version 12.00
# Visual Studio 15
VisualStudioVersion = 15.0.28010.2016
MinimumVisualStudioVersion = 10.0.40219.1
Project("{FAE04EC0-301F-11D3-BF4B-00C04F79EFBC}") = "BlahovLab01ProgramingInCSharp", "BlahovLab01ProgramingInCSharp\BlahovLab01ProgramingInCSharp.csproj", "{B10455AA-CF59-4E25-BB46-6FB2717BAFBC}"
EndProject
Global
	GlobalSection(SolutionConfigurationPlatforms) = preSolution
		Debug|Any CPU = Debug|Any CPU
		Release|Any CPU = Release|Any CPU
	EndGlobalSection
	GlobalSection(ProjectConfigurationPlatforms) = postSolution
		{B10455AA-CF59-4E25-BB46-6FB2717BAFBC}.Debug|Any CPU.ActiveCfg = Debug|Any CPU
		{B10455AA-CF59-4E25-BB46-6FB2717BAFBC}.Debug|Any CPU.Build.0 = Debug|Any CPU
		{B10455AA-CF59-4E25-BB46-6FB2717BAFBC}.Release|Any CPU.ActiveCfg = Release|Any CPU
		{B10455AA-CF59-4E25-BB46-6FB2717BAFBC}.Release|Any CPU.Build.0 = Release|Any CPU
	EndGlobalSection
	GlobalSection(SolutionProperties) = preSolution
		HideSolutionNode = FALSE
	EndGlobalSection
	GlobalSection(ExtensibilityGlobals) = postSolution
		SolutionGuid = {E856743B-1F81-43BF-BC78-5307373BD4AD}
	EndGlobalSection
EndGlobal
